
Microsoft Visual Studio Solution File, Format Version 12.00
# Visual Studio Version 16
VisualStudioVersion = 16.0.29418.71
MinimumVisualStudioVersion = 10.0.40219.1
Project("{FAE04EC0-301F-11D3-BF4B-00C04F79EFBC}") = "lancador_exercicios", "lancador_exercicios\lancador_exercicios.csproj", "{89452F5F-257C-4902-8F88-AA329A3B7E92}"
EndProject
Global
	GlobalSection(SolutionConfigurationPlatforms) = preSolution
		Debug|Any CPU = Debug|Any CPU
		Release|Any CPU = Release|Any CPU
	EndGlobalSection
	GlobalSection(ProjectConfigurationPlatforms) = postSolution
		{89452F5F-257C-4902-8F88-AA329A3B7E92}.Debug|Any CPU.ActiveCfg = Debug|Any CPU
		{89452F5F-257C-4902-8F88-AA329A3B7E92}.Debug|Any CPU.Build.0 = Debug|Any CPU
		{89452F5F-257C-4902-8F88-AA329A3B7E92}.Release|Any CPU.ActiveCfg = Release|Any CPU
		{89452F5F-257C-4902-8F88-AA329A3B7E92}.Release|Any CPU.Build.0 = Release|Any CPU
	EndGlobalSection
	GlobalSection(SolutionProperties) = preSolution
		HideSolutionNode = FALSE
	EndGlobalSection
	GlobalSection(ExtensibilityGlobals) = postSolution
		SolutionGuid = {4DD53BFB-9AFD-460D-961A-EC13353C92DE}
	EndGlobalSection
EndGlobal
